// !$*UTF8*$!
{
	archiveVersion = 1;
	classes = {
	};
	objectVersion = 50;
	objects = {

/* Begin PBXBuildFile section */
		CC50BB1C22DE321400B1D039 /* Vision.swift in Sources */ = {isa = PBXBuildFile; fileRef = CC50BB1B22DE321400B1D039 /* Vision.swift */; };
		CC50BB2022DE59AE00B1D039 /* IMG_0792.jpg in Resources */ = {isa = PBXBuildFile; fileRef = CC50BB1D22DE59AD00B1D039 /* IMG_0792.jpg */; };
		CC50BB2122DE59AE00B1D039 /* IMG_9486.jpg in Resources */ = {isa = PBXBuildFile; fileRef = CC50BB1E22DE59AE00B1D039 /* IMG_9486.jpg */; };
		CC50BB2222DE59AE00B1D039 /* IMG_7822.jpg in Resources */ = {isa = PBXBuildFile; fileRef = CC50BB1F22DE59AE00B1D039 /* IMG_7822.jpg */; };
		CCADA9AB22D396470092151C /* 10000_Words.txt in Resources */ = {isa = PBXBuildFile; fileRef = CCADA9AA22D396470092151C /* 10000_Words.txt */; };
		CCADA9CA22D789790092151C /* IndexedMessages+CoreDataClass.swift in Sources */ = {isa = PBXBuildFile; fileRef = CCADA9C422D789790092151C /* IndexedMessages+CoreDataClass.swift */; };
		CCADA9CB22D789790092151C /* IndexedMessages+CoreDataProperties.swift in Sources */ = {isa = PBXBuildFile; fileRef = CCADA9C522D789790092151C /* IndexedMessages+CoreDataProperties.swift */; };
		CCADA9CC22D789790092151C /* Message+CoreDataClass.swift in Sources */ = {isa = PBXBuildFile; fileRef = CCADA9C622D789790092151C /* Message+CoreDataClass.swift */; };
		CCADA9CD22D789790092151C /* Message+CoreDataProperties.swift in Sources */ = {isa = PBXBuildFile; fileRef = CCADA9C722D789790092151C /* Message+CoreDataProperties.swift */; };
		CCADA9CE22D789790092151C /* Index+CoreDataClass.swift in Sources */ = {isa = PBXBuildFile; fileRef = CCADA9C822D789790092151C /* Index+CoreDataClass.swift */; };
		CCADA9CF22D789790092151C /* Index+CoreDataProperties.swift in Sources */ = {isa = PBXBuildFile; fileRef = CCADA9C922D789790092151C /* Index+CoreDataProperties.swift */; };
		CCADAA3722D8AF810092151C /* Assets.xcassets in Resources */ = {isa = PBXBuildFile; fileRef = CCADAA3622D8AF810092151C /* Assets.xcassets */; };
		CCADAA5F22DC83780092151C /* IMG_1094.jpg in Resources */ = {isa = PBXBuildFile; fileRef = CCADAA3822DC83730092151C /* IMG_1094.jpg */; };
		CCADAA6022DC83780092151C /* IMG_1043.jpg in Resources */ = {isa = PBXBuildFile; fileRef = CCADAA3922DC83730092151C /* IMG_1043.jpg */; };
		CCADAA6122DC83780092151C /* IMG_2546.jpg in Resources */ = {isa = PBXBuildFile; fileRef = CCADAA3A22DC83730092151C /* IMG_2546.jpg */; };
		CCADAA6222DC83780092151C /* IMG_0938.jpg in Resources */ = {isa = PBXBuildFile; fileRef = CCADAA3B22DC83730092151C /* IMG_0938.jpg */; };
		CCADAA6322DC83780092151C /* IMG_3784.jpg in Resources */ = {isa = PBXBuildFile; fileRef = CCADAA3C22DC83740092151C /* IMG_3784.jpg */; };
		CCADAA6422DC83780092151C /* idiots-idiots-everywhere-made-on-imgur-22227665.png in Resources */ = {isa = PBXBuildFile; fileRef = CCADAA3D22DC83740092151C /* idiots-idiots-everywhere-made-on-imgur-22227665.png */; };
		CCADAA6522DC83780092151C /* DSC00535.jpg in Resources */ = {isa = PBXBuildFile; fileRef = CCADAA3E22DC83740092151C /* DSC00535.jpg */; };
		CCADAA6622DC83780092151C /* Bildschirmfoto 2019-05-17 um 13.51.02.png in Resources */ = {isa = PBXBuildFile; fileRef = CCADAA3F22DC83740092151C /* Bildschirmfoto 2019-05-17 um 13.51.02.png */; };
		CCADAA6722DC83780092151C /* IMG_2505.jpg in Resources */ = {isa = PBXBuildFile; fileRef = CCADAA4022DC83740092151C /* IMG_2505.jpg */; };
		CCADAA6822DC83780092151C /* IMG_3966.jpg in Resources */ = {isa = PBXBuildFile; fileRef = CCADAA4122DC83740092151C /* IMG_3966.jpg */; };
		CCADAA6922DC83780092151C /* Foto am 13.02.19 um 09.57.jpg in Resources */ = {isa = PBXBuildFile; fileRef = CCADAA4222DC83740092151C /* Foto am 13.02.19 um 09.57.jpg */; };
		CCADAA6A22DC83780092151C /* IMG_0890.jpg in Resources */ = {isa = PBXBuildFile; fileRef = CCADAA4322DC83740092151C /* IMG_0890.jpg */; };
		CCADAA6B22DC83780092151C /* IMG_1796.jpg in Resources */ = {isa = PBXBuildFile; fileRef = CCADAA4422DC83740092151C /* IMG_1796.jpg */; };
		CCADAA6C22DC83780092151C /* IMG_1106.jpg in Resources */ = {isa = PBXBuildFile; fileRef = CCADAA4522DC83750092151C /* IMG_1106.jpg */; };
		CCADAA6D22DC83780092151C /* IMG_4389.jpg in Resources */ = {isa = PBXBuildFile; fileRef = CCADAA4622DC83750092151C /* IMG_4389.jpg */; };
		CCADAA6E22DC83780092151C /* IMG_4080.jpg in Resources */ = {isa = PBXBuildFile; fileRef = CCADAA4722DC83750092151C /* IMG_4080.jpg */; };
		CCADAA6F22DC83780092151C /* Photo on 29-08-2017 at 17.44.jpg in Resources */ = {isa = PBXBuildFile; fileRef = CCADAA4822DC83750092151C /* Photo on 29-08-2017 at 17.44.jpg */; };
		CCADAA7022DC83780092151C /* Bildschirmfoto 2019-04-09 um 20.06.14.png in Resources */ = {isa = PBXBuildFile; fileRef = CCADAA4922DC83750092151C /* Bildschirmfoto 2019-04-09 um 20.06.14.png */; };
		CCADAA7122DC83780092151C /* DSC00527.jpg in Resources */ = {isa = PBXBuildFile; fileRef = CCADAA4A22DC83750092151C /* DSC00527.jpg */; };
		CCADAA7222DC83780092151C /* DSC00061.jpg in Resources */ = {isa = PBXBuildFile; fileRef = CCADAA4B22DC83750092151C /* DSC00061.jpg */; };
		CCADAA7322DC83780092151C /* IMG_3787.jpg in Resources */ = {isa = PBXBuildFile; fileRef = CCADAA4C22DC83750092151C /* IMG_3787.jpg */; };
		CCADAA7422DC83780092151C /* IMG_1387.jpg in Resources */ = {isa = PBXBuildFile; fileRef = CCADAA4D22DC83750092151C /* IMG_1387.jpg */; };
		CCADAA7522DC83780092151C /* IMG_2170.jpg in Resources */ = {isa = PBXBuildFile; fileRef = CCADAA4E22DC83760092151C /* IMG_2170.jpg */; };
		CCADAA7622DC83780092151C /* Bildschirmfoto 2019-06-24 um 16.15.23.png in Resources */ = {isa = PBXBuildFile; fileRef = CCADAA4F22DC83760092151C /* Bildschirmfoto 2019-06-24 um 16.15.23.png */; };
		CCADAA7722DC83780092151C /* Easycut 12.png in Resources */ = {isa = PBXBuildFile; fileRef = CCADAA5022DC83760092151C /* Easycut 12.png */; };
		CCADAA7822DC83780092151C /* DSC00535 (1).jpg in Resources */ = {isa = PBXBuildFile; fileRef = CCADAA5122DC83760092151C /* DSC00535 (1).jpg */; };
		CCADAA7922DC83780092151C /* IMG_2249.jpg in Resources */ = {isa = PBXBuildFile; fileRef = CCADAA5222DC83760092151C /* IMG_2249.jpg */; };
		CCADAA7A22DC83780092151C /* IMG_2090.jpg in Resources */ = {isa = PBXBuildFile; fileRef = CCADAA5322DC83760092151C /* IMG_2090.jpg */; };
		CCADAA7B22DC83780092151C /* IMG_2050.jpg in Resources */ = {isa = PBXBuildFile; fileRef = CCADAA5422DC83760092151C /* IMG_2050.jpg */; };
		CCADAA7C22DC83780092151C /* IMG_3870.jpg in Resources */ = {isa = PBXBuildFile; fileRef = CCADAA5522DC83770092151C /* IMG_3870.jpg */; };
		CCADAA7D22DC83780092151C /* IMG_4344.jpg in Resources */ = {isa = PBXBuildFile; fileRef = CCADAA5622DC83770092151C /* IMG_4344.jpg */; };
		CCADAA7E22DC83780092151C /* IMG_1984.jpg in Resources */ = {isa = PBXBuildFile; fileRef = CCADAA5722DC83770092151C /* IMG_1984.jpg */; };
		CCADAA7F22DC83780092151C /* IMG_0310.jpg in Resources */ = {isa = PBXBuildFile; fileRef = CCADAA5822DC83770092151C /* IMG_0310.jpg */; };
		CCADAA8022DC83780092151C /* IMG_4393.jpg in Resources */ = {isa = PBXBuildFile; fileRef = CCADAA5922DC83770092151C /* IMG_4393.jpg */; };
		CCADAA8122DC83780092151C /* IMG_2455.jpg in Resources */ = {isa = PBXBuildFile; fileRef = CCADAA5A22DC83770092151C /* IMG_2455.jpg */; };
		CCADAA8222DC83780092151C /* IMG_0135.jpg in Resources */ = {isa = PBXBuildFile; fileRef = CCADAA5B22DC83770092151C /* IMG_0135.jpg */; };
		CCADAA8322DC83780092151C /* IMG_0076.jpg in Resources */ = {isa = PBXBuildFile; fileRef = CCADAA5C22DC83780092151C /* IMG_0076.jpg */; };
		CCADAA8422DC83780092151C /* DSC00527 (1).jpg in Resources */ = {isa = PBXBuildFile; fileRef = CCADAA5D22DC83780092151C /* DSC00527 (1).jpg */; };
		CCADAA8522DC83780092151C /* IMG_0076.png in Resources */ = {isa = PBXBuildFile; fileRef = CCADAA5E22DC83780092151C /* IMG_0076.png */; };
		CCDDD543227C9F1900578E33 /* MessageListViewController.swift in Sources */ = {isa = PBXBuildFile; fileRef = CCDDD542227C9F1900578E33 /* MessageListViewController.swift */; };
		CCDDD545227CA24100578E33 /* MessageListCell.swift in Sources */ = {isa = PBXBuildFile; fileRef = CCDDD544227CA24100578E33 /* MessageListCell.swift */; };
		CCDDD549227F614C00578E33 /* MessageDetailViewController.swift in Sources */ = {isa = PBXBuildFile; fileRef = CCDDD548227F614C00578E33 /* MessageDetailViewController.swift */; };
		CCDDD54C22817CCA00578E33 /* String+Tagging.swift in Sources */ = {isa = PBXBuildFile; fileRef = CCDDD54B22817CCA00578E33 /* String+Tagging.swift */; };
		CCE1AE6E227AE4DB007DB341 /* AppDelegate.swift in Sources */ = {isa = PBXBuildFile; fileRef = CCE1AE6D227AE4DB007DB341 /* AppDelegate.swift */; };
		CCE1AE70227AE4DB007DB341 /* GenerateMessagesViewController.swift in Sources */ = {isa = PBXBuildFile; fileRef = CCE1AE6F227AE4DB007DB341 /* GenerateMessagesViewController.swift */; };
		CCE1AE73227AE4DB007DB341 /* Main.storyboard in Resources */ = {isa = PBXBuildFile; fileRef = CCE1AE71227AE4DB007DB341 /* Main.storyboard */; };
		CCE1AE76227AE4DB007DB341 /* NLPTextSearch.xcdatamodeld in Sources */ = {isa = PBXBuildFile; fileRef = CCE1AE74227AE4DB007DB341 /* NLPTextSearch.xcdatamodeld */; };
		CCE1AE7B227AE4DE007DB341 /* LaunchScreen.storyboard in Resources */ = {isa = PBXBuildFile; fileRef = CCE1AE79227AE4DE007DB341 /* LaunchScreen.storyboard */; };
		CCE1AE86227AE4DF007DB341 /* NLPTextSearchTests.swift in Sources */ = {isa = PBXBuildFile; fileRef = CCE1AE85227AE4DF007DB341 /* NLPTextSearchTests.swift */; };
		CCE1AE91227AE4DF007DB341 /* NLPTextSearchUITests.swift in Sources */ = {isa = PBXBuildFile; fileRef = CCE1AE90227AE4DF007DB341 /* NLPTextSearchUITests.swift */; };
		CCE1AE9F227AE59B007DB341 /* Persistence.swift in Sources */ = {isa = PBXBuildFile; fileRef = CCE1AE9E227AE59B007DB341 /* Persistence.swift */; };
		CCE1AEA1227AF1DD007DB341 /* Tokenisation.swift in Sources */ = {isa = PBXBuildFile; fileRef = CCE1AEA0227AF1DD007DB341 /* Tokenisation.swift */; };
		CCE1AEA3227B02E3007DB341 /* A Christmas Carol.txt in Resources */ = {isa = PBXBuildFile; fileRef = CCE1AEA2227B02E2007DB341 /* A Christmas Carol.txt */; };
		CCE1AEA5227B359A007DB341 /* TokenisationTests.swift in Sources */ = {isa = PBXBuildFile; fileRef = CCE1AEA4227B359A007DB341 /* TokenisationTests.swift */; };
		CCE1AEA7227C50B2007DB341 /* ChristmasCarol.swift in Sources */ = {isa = PBXBuildFile; fileRef = CCE1AEA6227C50B2007DB341 /* ChristmasCarol.swift */; };
/* End PBXBuildFile section */

/* Begin PBXContainerItemProxy section */
		CCE1AE82227AE4DE007DB341 /* PBXContainerItemProxy */ = {
			isa = PBXContainerItemProxy;
			containerPortal = CCE1AE62227AE4DA007DB341 /* Project object */;
			proxyType = 1;
			remoteGlobalIDString = CCE1AE69227AE4DB007DB341;
			remoteInfo = NLPTextSearch;
		};
		CCE1AE8D227AE4DF007DB341 /* PBXContainerItemProxy */ = {
			isa = PBXContainerItemProxy;
			containerPortal = CCE1AE62227AE4DA007DB341 /* Project object */;
			proxyType = 1;
			remoteGlobalIDString = CCE1AE69227AE4DB007DB341;
			remoteInfo = NLPTextSearch;
		};
/* End PBXContainerItemProxy section */

/* Begin PBXFileReference section */
		CC50BB1B22DE321400B1D039 /* Vision.swift */ = {isa = PBXFileReference; lastKnownFileType = sourcecode.swift; path = Vision.swift; sourceTree = "<group>"; };
		CC50BB1D22DE59AD00B1D039 /* IMG_0792.jpg */ = {isa = PBXFileReference; lastKnownFileType = image.jpeg; path = IMG_0792.jpg; sourceTree = "<group>"; };
		CC50BB1E22DE59AE00B1D039 /* IMG_9486.jpg */ = {isa = PBXFileReference; lastKnownFileType = image.jpeg; path = IMG_9486.jpg; sourceTree = "<group>"; };
		CC50BB1F22DE59AE00B1D039 /* IMG_7822.jpg */ = {isa = PBXFileReference; lastKnownFileType = image.jpeg; path = IMG_7822.jpg; sourceTree = "<group>"; };
		CCADA9AA22D396470092151C /* 10000_Words.txt */ = {isa = PBXFileReference; lastKnownFileType = text; path = 10000_Words.txt; sourceTree = "<group>"; };
		CCADA9C422D789790092151C /* IndexedMessages+CoreDataClass.swift */ = {isa = PBXFileReference; lastKnownFileType = sourcecode.swift; name = "IndexedMessages+CoreDataClass.swift"; path = "NLPTextSearch/Model/Core Data/IndexedMessages+CoreDataClass.swift"; sourceTree = "<group>"; };
		CCADA9C522D789790092151C /* IndexedMessages+CoreDataProperties.swift */ = {isa = PBXFileReference; lastKnownFileType = sourcecode.swift; name = "IndexedMessages+CoreDataProperties.swift"; path = "NLPTextSearch/Model/Core Data/IndexedMessages+CoreDataProperties.swift"; sourceTree = "<group>"; };
		CCADA9C622D789790092151C /* Message+CoreDataClass.swift */ = {isa = PBXFileReference; lastKnownFileType = sourcecode.swift; name = "Message+CoreDataClass.swift"; path = "NLPTextSearch/Model/Core Data/Message+CoreDataClass.swift"; sourceTree = "<group>"; };
		CCADA9C722D789790092151C /* Message+CoreDataProperties.swift */ = {isa = PBXFileReference; lastKnownFileType = sourcecode.swift; name = "Message+CoreDataProperties.swift"; path = "NLPTextSearch/Model/Core Data/Message+CoreDataProperties.swift"; sourceTree = "<group>"; };
		CCADA9C822D789790092151C /* Index+CoreDataClass.swift */ = {isa = PBXFileReference; lastKnownFileType = sourcecode.swift; name = "Index+CoreDataClass.swift"; path = "NLPTextSearch/Model/Core Data/Index+CoreDataClass.swift"; sourceTree = "<group>"; };
		CCADA9C922D789790092151C /* Index+CoreDataProperties.swift */ = {isa = PBXFileReference; lastKnownFileType = sourcecode.swift; name = "Index+CoreDataProperties.swift"; path = "NLPTextSearch/Model/Core Data/Index+CoreDataProperties.swift"; sourceTree = "<group>"; };
		CCADAA3622D8AF810092151C /* Assets.xcassets */ = {isa = PBXFileReference; lastKnownFileType = folder.assetcatalog; path = Assets.xcassets; sourceTree = "<group>"; };
		CCADAA3822DC83730092151C /* IMG_1094.jpg */ = {isa = PBXFileReference; lastKnownFileType = image.jpeg; path = IMG_1094.jpg; sourceTree = "<group>"; };
		CCADAA3922DC83730092151C /* IMG_1043.jpg */ = {isa = PBXFileReference; lastKnownFileType = image.jpeg; path = IMG_1043.jpg; sourceTree = "<group>"; };
		CCADAA3A22DC83730092151C /* IMG_2546.jpg */ = {isa = PBXFileReference; lastKnownFileType = image.jpeg; path = IMG_2546.jpg; sourceTree = "<group>"; };
		CCADAA3B22DC83730092151C /* IMG_0938.jpg */ = {isa = PBXFileReference; lastKnownFileType = image.jpeg; path = IMG_0938.jpg; sourceTree = "<group>"; };
		CCADAA3C22DC83740092151C /* IMG_3784.jpg */ = {isa = PBXFileReference; lastKnownFileType = image.jpeg; path = IMG_3784.jpg; sourceTree = "<group>"; };
		CCADAA3D22DC83740092151C /* idiots-idiots-everywhere-made-on-imgur-22227665.png */ = {isa = PBXFileReference; lastKnownFileType = image.png; path = "idiots-idiots-everywhere-made-on-imgur-22227665.png"; sourceTree = "<group>"; };
		CCADAA3E22DC83740092151C /* DSC00535.jpg */ = {isa = PBXFileReference; lastKnownFileType = image.jpeg; path = DSC00535.jpg; sourceTree = "<group>"; };
		CCADAA3F22DC83740092151C /* Bildschirmfoto 2019-05-17 um 13.51.02.png */ = {isa = PBXFileReference; lastKnownFileType = image.png; path = "Bildschirmfoto 2019-05-17 um 13.51.02.png"; sourceTree = "<group>"; };
		CCADAA4022DC83740092151C /* IMG_2505.jpg */ = {isa = PBXFileReference; lastKnownFileType = image.jpeg; path = IMG_2505.jpg; sourceTree = "<group>"; };
		CCADAA4122DC83740092151C /* IMG_3966.jpg */ = {isa = PBXFileReference; lastKnownFileType = image.jpeg; path = IMG_3966.jpg; sourceTree = "<group>"; };
		CCADAA4222DC83740092151C /* Foto am 13.02.19 um 09.57.jpg */ = {isa = PBXFileReference; lastKnownFileType = image.jpeg; path = "Foto am 13.02.19 um 09.57.jpg"; sourceTree = "<group>"; };
		CCADAA4322DC83740092151C /* IMG_0890.jpg */ = {isa = PBXFileReference; lastKnownFileType = image.jpeg; path = IMG_0890.jpg; sourceTree = "<group>"; };
		CCADAA4422DC83740092151C /* IMG_1796.jpg */ = {isa = PBXFileReference; lastKnownFileType = image.jpeg; path = IMG_1796.jpg; sourceTree = "<group>"; };
		CCADAA4522DC83750092151C /* IMG_1106.jpg */ = {isa = PBXFileReference; lastKnownFileType = image.jpeg; path = IMG_1106.jpg; sourceTree = "<group>"; };
		CCADAA4622DC83750092151C /* IMG_4389.jpg */ = {isa = PBXFileReference; lastKnownFileType = image.jpeg; path = IMG_4389.jpg; sourceTree = "<group>"; };
		CCADAA4722DC83750092151C /* IMG_4080.jpg */ = {isa = PBXFileReference; lastKnownFileType = image.jpeg; path = IMG_4080.jpg; sourceTree = "<group>"; };
		CCADAA4822DC83750092151C /* Photo on 29-08-2017 at 17.44.jpg */ = {isa = PBXFileReference; lastKnownFileType = image.jpeg; path = "Photo on 29-08-2017 at 17.44.jpg"; sourceTree = "<group>"; };
		CCADAA4922DC83750092151C /* Bildschirmfoto 2019-04-09 um 20.06.14.png */ = {isa = PBXFileReference; lastKnownFileType = image.png; path = "Bildschirmfoto 2019-04-09 um 20.06.14.png"; sourceTree = "<group>"; };
		CCADAA4A22DC83750092151C /* DSC00527.jpg */ = {isa = PBXFileReference; lastKnownFileType = image.jpeg; path = DSC00527.jpg; sourceTree = "<group>"; };
		CCADAA4B22DC83750092151C /* DSC00061.jpg */ = {isa = PBXFileReference; lastKnownFileType = image.jpeg; path = DSC00061.jpg; sourceTree = "<group>"; };
		CCADAA4C22DC83750092151C /* IMG_3787.jpg */ = {isa = PBXFileReference; lastKnownFileType = image.jpeg; path = IMG_3787.jpg; sourceTree = "<group>"; };
		CCADAA4D22DC83750092151C /* IMG_1387.jpg */ = {isa = PBXFileReference; lastKnownFileType = image.jpeg; path = IMG_1387.jpg; sourceTree = "<group>"; };
		CCADAA4E22DC83760092151C /* IMG_2170.jpg */ = {isa = PBXFileReference; lastKnownFileType = image.jpeg; path = IMG_2170.jpg; sourceTree = "<group>"; };
		CCADAA4F22DC83760092151C /* Bildschirmfoto 2019-06-24 um 16.15.23.png */ = {isa = PBXFileReference; lastKnownFileType = image.png; path = "Bildschirmfoto 2019-06-24 um 16.15.23.png"; sourceTree = "<group>"; };
		CCADAA5022DC83760092151C /* Easycut 12.png */ = {isa = PBXFileReference; lastKnownFileType = image.png; path = "Easycut 12.png"; sourceTree = "<group>"; };
		CCADAA5122DC83760092151C /* DSC00535 (1).jpg */ = {isa = PBXFileReference; lastKnownFileType = image.jpeg; path = "DSC00535 (1).jpg"; sourceTree = "<group>"; };
		CCADAA5222DC83760092151C /* IMG_2249.jpg */ = {isa = PBXFileReference; lastKnownFileType = image.jpeg; path = IMG_2249.jpg; sourceTree = "<group>"; };
		CCADAA5322DC83760092151C /* IMG_2090.jpg */ = {isa = PBXFileReference; lastKnownFileType = image.jpeg; path = IMG_2090.jpg; sourceTree = "<group>"; };
		CCADAA5422DC83760092151C /* IMG_2050.jpg */ = {isa = PBXFileReference; lastKnownFileType = image.jpeg; path = IMG_2050.jpg; sourceTree = "<group>"; };
		CCADAA5522DC83770092151C /* IMG_3870.jpg */ = {isa = PBXFileReference; lastKnownFileType = image.jpeg; path = IMG_3870.jpg; sourceTree = "<group>"; };
		CCADAA5622DC83770092151C /* IMG_4344.jpg */ = {isa = PBXFileReference; lastKnownFileType = image.jpeg; path = IMG_4344.jpg; sourceTree = "<group>"; };
		CCADAA5722DC83770092151C /* IMG_1984.jpg */ = {isa = PBXFileReference; lastKnownFileType = image.jpeg; path = IMG_1984.jpg; sourceTree = "<group>"; };
		CCADAA5822DC83770092151C /* IMG_0310.jpg */ = {isa = PBXFileReference; lastKnownFileType = image.jpeg; path = IMG_0310.jpg; sourceTree = "<group>"; };
		CCADAA5922DC83770092151C /* IMG_4393.jpg */ = {isa = PBXFileReference; lastKnownFileType = image.jpeg; path = IMG_4393.jpg; sourceTree = "<group>"; };
		CCADAA5A22DC83770092151C /* IMG_2455.jpg */ = {isa = PBXFileReference; lastKnownFileType = image.jpeg; path = IMG_2455.jpg; sourceTree = "<group>"; };
		CCADAA5B22DC83770092151C /* IMG_0135.jpg */ = {isa = PBXFileReference; lastKnownFileType = image.jpeg; path = IMG_0135.jpg; sourceTree = "<group>"; };
		CCADAA5C22DC83780092151C /* IMG_0076.jpg */ = {isa = PBXFileReference; lastKnownFileType = image.jpeg; path = IMG_0076.jpg; sourceTree = "<group>"; };
		CCADAA5D22DC83780092151C /* DSC00527 (1).jpg */ = {isa = PBXFileReference; lastKnownFileType = image.jpeg; path = "DSC00527 (1).jpg"; sourceTree = "<group>"; };
		CCADAA5E22DC83780092151C /* IMG_0076.png */ = {isa = PBXFileReference; lastKnownFileType = image.png; path = IMG_0076.png; sourceTree = "<group>"; };
		CCDDD542227C9F1900578E33 /* MessageListViewController.swift */ = {isa = PBXFileReference; lastKnownFileType = sourcecode.swift; path = MessageListViewController.swift; sourceTree = "<group>"; };
		CCDDD544227CA24100578E33 /* MessageListCell.swift */ = {isa = PBXFileReference; lastKnownFileType = sourcecode.swift; path = MessageListCell.swift; sourceTree = "<group>"; };
		CCDDD548227F614C00578E33 /* MessageDetailViewController.swift */ = {isa = PBXFileReference; lastKnownFileType = sourcecode.swift; path = MessageDetailViewController.swift; sourceTree = "<group>"; };
		CCDDD54B22817CCA00578E33 /* String+Tagging.swift */ = {isa = PBXFileReference; lastKnownFileType = sourcecode.swift; path = "String+Tagging.swift"; sourceTree = "<group>"; };
		CCE1AE6A227AE4DB007DB341 /* NLPTextSearch.app */ = {isa = PBXFileReference; explicitFileType = wrapper.application; includeInIndex = 0; path = NLPTextSearch.app; sourceTree = BUILT_PRODUCTS_DIR; };
		CCE1AE6D227AE4DB007DB341 /* AppDelegate.swift */ = {isa = PBXFileReference; lastKnownFileType = sourcecode.swift; path = AppDelegate.swift; sourceTree = "<group>"; };
		CCE1AE6F227AE4DB007DB341 /* GenerateMessagesViewController.swift */ = {isa = PBXFileReference; lastKnownFileType = sourcecode.swift; path = GenerateMessagesViewController.swift; sourceTree = "<group>"; };
		CCE1AE72227AE4DB007DB341 /* Base */ = {isa = PBXFileReference; lastKnownFileType = file.storyboard; name = Base; path = Base.lproj/Main.storyboard; sourceTree = "<group>"; };
		CCE1AE75227AE4DB007DB341 /* NLPTextSearch.xcdatamodel */ = {isa = PBXFileReference; lastKnownFileType = wrapper.xcdatamodel; path = NLPTextSearch.xcdatamodel; sourceTree = "<group>"; };
		CCE1AE7A227AE4DE007DB341 /* Base */ = {isa = PBXFileReference; lastKnownFileType = file.storyboard; name = Base; path = Base.lproj/LaunchScreen.storyboard; sourceTree = "<group>"; };
		CCE1AE7C227AE4DE007DB341 /* Info.plist */ = {isa = PBXFileReference; lastKnownFileType = text.plist.xml; path = Info.plist; sourceTree = "<group>"; };
		CCE1AE81227AE4DE007DB341 /* NLPTextSearchTests.xctest */ = {isa = PBXFileReference; explicitFileType = wrapper.cfbundle; includeInIndex = 0; path = NLPTextSearchTests.xctest; sourceTree = BUILT_PRODUCTS_DIR; };
		CCE1AE85227AE4DF007DB341 /* NLPTextSearchTests.swift */ = {isa = PBXFileReference; lastKnownFileType = sourcecode.swift; path = NLPTextSearchTests.swift; sourceTree = "<group>"; };
		CCE1AE87227AE4DF007DB341 /* Info.plist */ = {isa = PBXFileReference; lastKnownFileType = text.plist.xml; path = Info.plist; sourceTree = "<group>"; };
		CCE1AE8C227AE4DF007DB341 /* NLPTextSearchUITests.xctest */ = {isa = PBXFileReference; explicitFileType = wrapper.cfbundle; includeInIndex = 0; path = NLPTextSearchUITests.xctest; sourceTree = BUILT_PRODUCTS_DIR; };
		CCE1AE90227AE4DF007DB341 /* NLPTextSearchUITests.swift */ = {isa = PBXFileReference; lastKnownFileType = sourcecode.swift; path = NLPTextSearchUITests.swift; sourceTree = "<group>"; };
		CCE1AE92227AE4DF007DB341 /* Info.plist */ = {isa = PBXFileReference; lastKnownFileType = text.plist.xml; path = Info.plist; sourceTree = "<group>"; };
		CCE1AE9E227AE59B007DB341 /* Persistence.swift */ = {isa = PBXFileReference; lastKnownFileType = sourcecode.swift; path = Persistence.swift; sourceTree = "<group>"; };
		CCE1AEA0227AF1DD007DB341 /* Tokenisation.swift */ = {isa = PBXFileReference; lastKnownFileType = sourcecode.swift; path = Tokenisation.swift; sourceTree = "<group>"; };
		CCE1AEA2227B02E2007DB341 /* A Christmas Carol.txt */ = {isa = PBXFileReference; lastKnownFileType = text; path = "A Christmas Carol.txt"; sourceTree = "<group>"; };
		CCE1AEA4227B359A007DB341 /* TokenisationTests.swift */ = {isa = PBXFileReference; lastKnownFileType = sourcecode.swift; path = TokenisationTests.swift; sourceTree = "<group>"; };
		CCE1AEA6227C50B2007DB341 /* ChristmasCarol.swift */ = {isa = PBXFileReference; lastKnownFileType = sourcecode.swift; path = ChristmasCarol.swift; sourceTree = "<group>"; };
/* End PBXFileReference section */

/* Begin PBXFrameworksBuildPhase section */
		CCE1AE67227AE4DB007DB341 /* Frameworks */ = {
			isa = PBXFrameworksBuildPhase;
			buildActionMask = 2147483647;
			files = (
			);
			runOnlyForDeploymentPostprocessing = 0;
		};
		CCE1AE7E227AE4DE007DB341 /* Frameworks */ = {
			isa = PBXFrameworksBuildPhase;
			buildActionMask = 2147483647;
			files = (
			);
			runOnlyForDeploymentPostprocessing = 0;
		};
		CCE1AE89227AE4DF007DB341 /* Frameworks */ = {
			isa = PBXFrameworksBuildPhase;
			buildActionMask = 2147483647;
			files = (
			);
			runOnlyForDeploymentPostprocessing = 0;
		};
/* End PBXFrameworksBuildPhase section */

/* Begin PBXGroup section */
		CCADA9D022D88FF90092151C /* Attachments */ = {
			isa = PBXGroup;
			children = (
				CCADA9D122D8900A0092151C /* Pictures */,
			);
			path = Attachments;
			sourceTree = "<group>";
		};
		CCADA9D122D8900A0092151C /* Pictures */ = {
			isa = PBXGroup;
			children = (
				CC50BB1D22DE59AD00B1D039 /* IMG_0792.jpg */,
				CC50BB1F22DE59AE00B1D039 /* IMG_7822.jpg */,
				CC50BB1E22DE59AE00B1D039 /* IMG_9486.jpg */,
				CCADAA4922DC83750092151C /* Bildschirmfoto 2019-04-09 um 20.06.14.png */,
				CCADAA3F22DC83740092151C /* Bildschirmfoto 2019-05-17 um 13.51.02.png */,
				CCADAA4F22DC83760092151C /* Bildschirmfoto 2019-06-24 um 16.15.23.png */,
				CCADAA4B22DC83750092151C /* DSC00061.jpg */,
				CCADAA5D22DC83780092151C /* DSC00527 (1).jpg */,
				CCADAA4A22DC83750092151C /* DSC00527.jpg */,
				CCADAA5122DC83760092151C /* DSC00535 (1).jpg */,
				CCADAA3E22DC83740092151C /* DSC00535.jpg */,
				CCADAA5022DC83760092151C /* Easycut 12.png */,
				CCADAA4222DC83740092151C /* Foto am 13.02.19 um 09.57.jpg */,
				CCADAA3D22DC83740092151C /* idiots-idiots-everywhere-made-on-imgur-22227665.png */,
				CCADAA5C22DC83780092151C /* IMG_0076.jpg */,
				CCADAA5E22DC83780092151C /* IMG_0076.png */,
				CCADAA5B22DC83770092151C /* IMG_0135.jpg */,
				CCADAA5822DC83770092151C /* IMG_0310.jpg */,
				CCADAA4322DC83740092151C /* IMG_0890.jpg */,
				CCADAA3B22DC83730092151C /* IMG_0938.jpg */,
				CCADAA3922DC83730092151C /* IMG_1043.jpg */,
				CCADAA3822DC83730092151C /* IMG_1094.jpg */,
				CCADAA4522DC83750092151C /* IMG_1106.jpg */,
				CCADAA4D22DC83750092151C /* IMG_1387.jpg */,
				CCADAA4422DC83740092151C /* IMG_1796.jpg */,
				CCADAA5722DC83770092151C /* IMG_1984.jpg */,
				CCADAA5422DC83760092151C /* IMG_2050.jpg */,
				CCADAA5322DC83760092151C /* IMG_2090.jpg */,
				CCADAA4E22DC83760092151C /* IMG_2170.jpg */,
				CCADAA5222DC83760092151C /* IMG_2249.jpg */,
				CCADAA5A22DC83770092151C /* IMG_2455.jpg */,
				CCADAA4022DC83740092151C /* IMG_2505.jpg */,
				CCADAA3A22DC83730092151C /* IMG_2546.jpg */,
				CCADAA3C22DC83740092151C /* IMG_3784.jpg */,
				CCADAA4C22DC83750092151C /* IMG_3787.jpg */,
				CCADAA5522DC83770092151C /* IMG_3870.jpg */,
				CCADAA4122DC83740092151C /* IMG_3966.jpg */,
				CCADAA4722DC83750092151C /* IMG_4080.jpg */,
				CCADAA5622DC83770092151C /* IMG_4344.jpg */,
				CCADAA4622DC83750092151C /* IMG_4389.jpg */,
				CCADAA5922DC83770092151C /* IMG_4393.jpg */,
				CCADAA4822DC83750092151C /* Photo on 29-08-2017 at 17.44.jpg */,
			);
			path = Pictures;
			sourceTree = "<group>";
		};
		CCDDD540227C9DAE00578E33 /* View */ = {
			isa = PBXGroup;
			children = (
				CCE1AE6F227AE4DB007DB341 /* GenerateMessagesViewController.swift */,
				CCE1AE71227AE4DB007DB341 /* Main.storyboard */,
				CCDDD542227C9F1900578E33 /* MessageListViewController.swift */,
				CCDDD544227CA24100578E33 /* MessageListCell.swift */,
				CCDDD548227F614C00578E33 /* MessageDetailViewController.swift */,
			);
			path = View;
			sourceTree = "<group>";
		};
		CCDDD541227C9DED00578E33 /* Logic */ = {
			isa = PBXGroup;
			children = (
				CCE1AEA0227AF1DD007DB341 /* Tokenisation.swift */,
				CC50BB1B22DE321400B1D039 /* Vision.swift */,
			);
			path = Logic;
			sourceTree = "<group>";
		};
		CCDDD54A22817C9500578E33 /* Utilities */ = {
			isa = PBXGroup;
			children = (
				CCDDD54B22817CCA00578E33 /* String+Tagging.swift */,
			);
			path = Utilities;
			sourceTree = "<group>";
		};
		CCE1AE61227AE4DA007DB341 = {
			isa = PBXGroup;
			children = (
				CCADA9C422D789790092151C /* IndexedMessages+CoreDataClass.swift */,
				CCADA9C522D789790092151C /* IndexedMessages+CoreDataProperties.swift */,
				CCADA9C622D789790092151C /* Message+CoreDataClass.swift */,
				CCADA9C722D789790092151C /* Message+CoreDataProperties.swift */,
				CCADA9C822D789790092151C /* Index+CoreDataClass.swift */,
				CCADA9C922D789790092151C /* Index+CoreDataProperties.swift */,
				CCE1AE6C227AE4DB007DB341 /* NLPTextSearch */,
				CCE1AE84227AE4DF007DB341 /* NLPTextSearchTests */,
				CCE1AE8F227AE4DF007DB341 /* NLPTextSearchUITests */,
				CCE1AE6B227AE4DB007DB341 /* Products */,
			);
			sourceTree = "<group>";
		};
		CCE1AE6B227AE4DB007DB341 /* Products */ = {
			isa = PBXGroup;
			children = (
				CCE1AE6A227AE4DB007DB341 /* NLPTextSearch.app */,
				CCE1AE81227AE4DE007DB341 /* NLPTextSearchTests.xctest */,
				CCE1AE8C227AE4DF007DB341 /* NLPTextSearchUITests.xctest */,
			);
			name = Products;
			sourceTree = "<group>";
		};
		CCE1AE6C227AE4DB007DB341 /* NLPTextSearch */ = {
			isa = PBXGroup;
			children = (
				CCDDD54A22817C9500578E33 /* Utilities */,
				CCDDD541227C9DED00578E33 /* Logic */,
				CCDDD540227C9DAE00578E33 /* View */,
				CCE1AEA8227C51E1007DB341 /* Model */,
				CCE1AE6D227AE4DB007DB341 /* AppDelegate.swift */,
				CCADAA3622D8AF810092151C /* Assets.xcassets */,
				CCE1AE79227AE4DE007DB341 /* LaunchScreen.storyboard */,
				CCE1AE7C227AE4DE007DB341 /* Info.plist */,
			);
			path = NLPTextSearch;
			sourceTree = "<group>";
		};
		CCE1AE84227AE4DF007DB341 /* NLPTextSearchTests */ = {
			isa = PBXGroup;
			children = (
				CCE1AE85227AE4DF007DB341 /* NLPTextSearchTests.swift */,
				CCE1AE87227AE4DF007DB341 /* Info.plist */,
				CCE1AEA4227B359A007DB341 /* TokenisationTests.swift */,
			);
			path = NLPTextSearchTests;
			sourceTree = "<group>";
		};
		CCE1AE8F227AE4DF007DB341 /* NLPTextSearchUITests */ = {
			isa = PBXGroup;
			children = (
				CCE1AE90227AE4DF007DB341 /* NLPTextSearchUITests.swift */,
				CCE1AE92227AE4DF007DB341 /* Info.plist */,
			);
			path = NLPTextSearchUITests;
			sourceTree = "<group>";
		};
		CCE1AEA8227C51E1007DB341 /* Model */ = {
			isa = PBXGroup;
			children = (
				CCADA9D022D88FF90092151C /* Attachments */,
				CCE1AEA6227C50B2007DB341 /* ChristmasCarol.swift */,
				CCE1AEA2227B02E2007DB341 /* A Christmas Carol.txt */,
				CCE1AE74227AE4DB007DB341 /* NLPTextSearch.xcdatamodeld */,
				CCE1AE9E227AE59B007DB341 /* Persistence.swift */,
				CCADA9AA22D396470092151C /* 10000_Words.txt */,
			);
			path = Model;
			sourceTree = "<group>";
		};
/* End PBXGroup section */

/* Begin PBXNativeTarget section */
		CCE1AE69227AE4DB007DB341 /* NLPTextSearch */ = {
			isa = PBXNativeTarget;
			buildConfigurationList = CCE1AE95227AE4DF007DB341 /* Build configuration list for PBXNativeTarget "NLPTextSearch" */;
			buildPhases = (
				CCE1AE66227AE4DB007DB341 /* Sources */,
				CCE1AE67227AE4DB007DB341 /* Frameworks */,
				CCE1AE68227AE4DB007DB341 /* Resources */,
			);
			buildRules = (
			);
			dependencies = (
			);
			name = NLPTextSearch;
			productName = NLPTextSearch;
			productReference = CCE1AE6A227AE4DB007DB341 /* NLPTextSearch.app */;
			productType = "com.apple.product-type.application";
		};
		CCE1AE80227AE4DE007DB341 /* NLPTextSearchTests */ = {
			isa = PBXNativeTarget;
			buildConfigurationList = CCE1AE98227AE4DF007DB341 /* Build configuration list for PBXNativeTarget "NLPTextSearchTests" */;
			buildPhases = (
				CCE1AE7D227AE4DE007DB341 /* Sources */,
				CCE1AE7E227AE4DE007DB341 /* Frameworks */,
				CCE1AE7F227AE4DE007DB341 /* Resources */,
			);
			buildRules = (
			);
			dependencies = (
				CCE1AE83227AE4DE007DB341 /* PBXTargetDependency */,
			);
			name = NLPTextSearchTests;
			productName = NLPTextSearchTests;
			productReference = CCE1AE81227AE4DE007DB341 /* NLPTextSearchTests.xctest */;
			productType = "com.apple.product-type.bundle.unit-test";
		};
		CCE1AE8B227AE4DF007DB341 /* NLPTextSearchUITests */ = {
			isa = PBXNativeTarget;
			buildConfigurationList = CCE1AE9B227AE4DF007DB341 /* Build configuration list for PBXNativeTarget "NLPTextSearchUITests" */;
			buildPhases = (
				CCE1AE88227AE4DF007DB341 /* Sources */,
				CCE1AE89227AE4DF007DB341 /* Frameworks */,
				CCE1AE8A227AE4DF007DB341 /* Resources */,
			);
			buildRules = (
			);
			dependencies = (
				CCE1AE8E227AE4DF007DB341 /* PBXTargetDependency */,
			);
			name = NLPTextSearchUITests;
			productName = NLPTextSearchUITests;
			productReference = CCE1AE8C227AE4DF007DB341 /* NLPTextSearchUITests.xctest */;
			productType = "com.apple.product-type.bundle.ui-testing";
		};
/* End PBXNativeTarget section */

/* Begin PBXProject section */
		CCE1AE62227AE4DA007DB341 /* Project object */ = {
			isa = PBXProject;
			attributes = {
				LastSwiftUpdateCheck = 1020;
				LastUpgradeCheck = 1020;
				ORGANIZATIONNAME = "Mladen Despotovic";
				TargetAttributes = {
					CCE1AE69227AE4DB007DB341 = {
						CreatedOnToolsVersion = 10.2;
					};
					CCE1AE80227AE4DE007DB341 = {
						CreatedOnToolsVersion = 10.2;
						TestTargetID = CCE1AE69227AE4DB007DB341;
					};
					CCE1AE8B227AE4DF007DB341 = {
						CreatedOnToolsVersion = 10.2;
						TestTargetID = CCE1AE69227AE4DB007DB341;
					};
				};
			};
			buildConfigurationList = CCE1AE65227AE4DA007DB341 /* Build configuration list for PBXProject "NLPTextSearch" */;
			compatibilityVersion = "Xcode 9.3";
			developmentRegion = en;
			hasScannedForEncodings = 0;
			knownRegions = (
				en,
				Base,
			);
			mainGroup = CCE1AE61227AE4DA007DB341;
			productRefGroup = CCE1AE6B227AE4DB007DB341 /* Products */;
			projectDirPath = "";
			projectRoot = "";
			targets = (
				CCE1AE69227AE4DB007DB341 /* NLPTextSearch */,
				CCE1AE80227AE4DE007DB341 /* NLPTextSearchTests */,
				CCE1AE8B227AE4DF007DB341 /* NLPTextSearchUITests */,
			);
		};
/* End PBXProject section */

/* Begin PBXResourcesBuildPhase section */
		CCE1AE68227AE4DB007DB341 /* Resources */ = {
			isa = PBXResourcesBuildPhase;
			buildActionMask = 2147483647;
			files = (
				CCADAA7A22DC83780092151C /* IMG_2090.jpg in Resources */,
				CCADAA6822DC83780092151C /* IMG_3966.jpg in Resources */,
				CCADAA6122DC83780092151C /* IMG_2546.jpg in Resources */,
				CCADAA6422DC83780092151C /* idiots-idiots-everywhere-made-on-imgur-22227665.png in Resources */,
				CCADAA8322DC83780092151C /* IMG_0076.jpg in Resources */,
				CC50BB2222DE59AE00B1D039 /* IMG_7822.jpg in Resources */,
				CCADAA7122DC83780092151C /* DSC00527.jpg in Resources */,
				CCADAA6922DC83780092151C /* Foto am 13.02.19 um 09.57.jpg in Resources */,
				CCADAA7D22DC83780092151C /* IMG_4344.jpg in Resources */,
				CCADAA6B22DC83780092151C /* IMG_1796.jpg in Resources */,
				CCE1AE7B227AE4DE007DB341 /* LaunchScreen.storyboard in Resources */,
				CCADAA8222DC83780092151C /* IMG_0135.jpg in Resources */,
				CCADAA8422DC83780092151C /* DSC00527 (1).jpg in Resources */,
				CCADAA8022DC83780092151C /* IMG_4393.jpg in Resources */,
				CCADAA7E22DC83780092151C /* IMG_1984.jpg in Resources */,
				CCADAA7B22DC83780092151C /* IMG_2050.jpg in Resources */,
				CCADAA5F22DC83780092151C /* IMG_1094.jpg in Resources */,
				CCADAA7922DC83780092151C /* IMG_2249.jpg in Resources */,
				CCADA9AB22D396470092151C /* 10000_Words.txt in Resources */,
				CCADAA8122DC83780092151C /* IMG_2455.jpg in Resources */,
				CCADAA7222DC83780092151C /* DSC00061.jpg in Resources */,
				CCADAA6F22DC83780092151C /* Photo on 29-08-2017 at 17.44.jpg in Resources */,
				CCADAA6222DC83780092151C /* IMG_0938.jpg in Resources */,
				CCADAA7C22DC83780092151C /* IMG_3870.jpg in Resources */,
				CCADAA6622DC83780092151C /* Bildschirmfoto 2019-05-17 um 13.51.02.png in Resources */,
				CC50BB2122DE59AE00B1D039 /* IMG_9486.jpg in Resources */,
				CCADAA7422DC83780092151C /* IMG_1387.jpg in Resources */,
				CCADAA6A22DC83780092151C /* IMG_0890.jpg in Resources */,
				CCADAA7322DC83780092151C /* IMG_3787.jpg in Resources */,
				CCADAA7622DC83780092151C /* Bildschirmfoto 2019-06-24 um 16.15.23.png in Resources */,
				CCADAA8522DC83780092151C /* IMG_0076.png in Resources */,
				CCADAA6522DC83780092151C /* DSC00535.jpg in Resources */,
				CCADAA7822DC83780092151C /* DSC00535 (1).jpg in Resources */,
				CC50BB2022DE59AE00B1D039 /* IMG_0792.jpg in Resources */,
				CCADAA6322DC83780092151C /* IMG_3784.jpg in Resources */,
				CCADAA6022DC83780092151C /* IMG_1043.jpg in Resources */,
				CCE1AE73227AE4DB007DB341 /* Main.storyboard in Resources */,
				CCADAA6E22DC83780092151C /* IMG_4080.jpg in Resources */,
				CCADAA6D22DC83780092151C /* IMG_4389.jpg in Resources */,
				CCADAA6722DC83780092151C /* IMG_2505.jpg in Resources */,
				CCADAA6C22DC83780092151C /* IMG_1106.jpg in Resources */,
				CCE1AEA3227B02E3007DB341 /* A Christmas Carol.txt in Resources */,
				CCADAA7722DC83780092151C /* Easycut 12.png in Resources */,
				CCADAA7522DC83780092151C /* IMG_2170.jpg in Resources */,
				CCADAA7F22DC83780092151C /* IMG_0310.jpg in Resources */,
				CCADAA7022DC83780092151C /* Bildschirmfoto 2019-04-09 um 20.06.14.png in Resources */,
				CCADAA3722D8AF810092151C /* Assets.xcassets in Resources */,
			);
			runOnlyForDeploymentPostprocessing = 0;
		};
		CCE1AE7F227AE4DE007DB341 /* Resources */ = {
			isa = PBXResourcesBuildPhase;
			buildActionMask = 2147483647;
			files = (
			);
			runOnlyForDeploymentPostprocessing = 0;
		};
		CCE1AE8A227AE4DF007DB341 /* Resources */ = {
			isa = PBXResourcesBuildPhase;
			buildActionMask = 2147483647;
			files = (
			);
			runOnlyForDeploymentPostprocessing = 0;
		};
/* End PBXResourcesBuildPhase section */

/* Begin PBXSourcesBuildPhase section */
		CCE1AE66227AE4DB007DB341 /* Sources */ = {
			isa = PBXSourcesBuildPhase;
			buildActionMask = 2147483647;
			files = (
				CCADA9CE22D789790092151C /* Index+CoreDataClass.swift in Sources */,
				CCDDD54C22817CCA00578E33 /* String+Tagging.swift in Sources */,
				CCDDD543227C9F1900578E33 /* MessageListViewController.swift in Sources */,
				CCDDD545227CA24100578E33 /* MessageListCell.swift in Sources */,
				CCDDD549227F614C00578E33 /* MessageDetailViewController.swift in Sources */,
				CC50BB1C22DE321400B1D039 /* Vision.swift in Sources */,
				CCADA9CD22D789790092151C /* Message+CoreDataProperties.swift in Sources */,
				CCE1AE76227AE4DB007DB341 /* NLPTextSearch.xcdatamodeld in Sources */,
				CCE1AE9F227AE59B007DB341 /* Persistence.swift in Sources */,
				CCE1AEA7227C50B2007DB341 /* ChristmasCarol.swift in Sources */,
				CCADA9CB22D789790092151C /* IndexedMessages+CoreDataProperties.swift in Sources */,
				CCADA9CC22D789790092151C /* Message+CoreDataClass.swift in Sources */,
				CCE1AEA1227AF1DD007DB341 /* Tokenisation.swift in Sources */,
				CCADA9CF22D789790092151C /* Index+CoreDataProperties.swift in Sources */,
				CCADA9CA22D789790092151C /* IndexedMessages+CoreDataClass.swift in Sources */,
				CCE1AE70227AE4DB007DB341 /* GenerateMessagesViewController.swift in Sources */,
				CCE1AE6E227AE4DB007DB341 /* AppDelegate.swift in Sources */,
			);
			runOnlyForDeploymentPostprocessing = 0;
		};
		CCE1AE7D227AE4DE007DB341 /* Sources */ = {
			isa = PBXSourcesBuildPhase;
			buildActionMask = 2147483647;
			files = (
				CCE1AE86227AE4DF007DB341 /* NLPTextSearchTests.swift in Sources */,
				CCE1AEA5227B359A007DB341 /* TokenisationTests.swift in Sources */,
			);
			runOnlyForDeploymentPostprocessing = 0;
		};
		CCE1AE88227AE4DF007DB341 /* Sources */ = {
			isa = PBXSourcesBuildPhase;
			buildActionMask = 2147483647;
			files = (
				CCE1AE91227AE4DF007DB341 /* NLPTextSearchUITests.swift in Sources */,
			);
			runOnlyForDeploymentPostprocessing = 0;
		};
/* End PBXSourcesBuildPhase section */

/* Begin PBXTargetDependency section */
		CCE1AE83227AE4DE007DB341 /* PBXTargetDependency */ = {
			isa = PBXTargetDependency;
			target = CCE1AE69227AE4DB007DB341 /* NLPTextSearch */;
			targetProxy = CCE1AE82227AE4DE007DB341 /* PBXContainerItemProxy */;
		};
		CCE1AE8E227AE4DF007DB341 /* PBXTargetDependency */ = {
			isa = PBXTargetDependency;
			target = CCE1AE69227AE4DB007DB341 /* NLPTextSearch */;
			targetProxy = CCE1AE8D227AE4DF007DB341 /* PBXContainerItemProxy */;
		};
/* End PBXTargetDependency section */

/* Begin PBXVariantGroup section */
		CCE1AE71227AE4DB007DB341 /* Main.storyboard */ = {
			isa = PBXVariantGroup;
			children = (
				CCE1AE72227AE4DB007DB341 /* Base */,
			);
			name = Main.storyboard;
			sourceTree = "<group>";
		};
		CCE1AE79227AE4DE007DB341 /* LaunchScreen.storyboard */ = {
			isa = PBXVariantGroup;
			children = (
				CCE1AE7A227AE4DE007DB341 /* Base */,
			);
			name = LaunchScreen.storyboard;
			sourceTree = "<group>";
		};
/* End PBXVariantGroup section */

/* Begin XCBuildConfiguration section */
		CCE1AE93227AE4DF007DB341 /* Debug */ = {
			isa = XCBuildConfiguration;
			buildSettings = {
				ALWAYS_SEARCH_USER_PATHS = NO;
				CLANG_ANALYZER_NONNULL = YES;
				CLANG_ANALYZER_NUMBER_OBJECT_CONVERSION = YES_AGGRESSIVE;
				CLANG_CXX_LANGUAGE_STANDARD = "gnu++14";
				CLANG_CXX_LIBRARY = "libc++";
				CLANG_ENABLE_MODULES = YES;
				CLANG_ENABLE_OBJC_ARC = YES;
				CLANG_ENABLE_OBJC_WEAK = YES;
				CLANG_WARN_BLOCK_CAPTURE_AUTORELEASING = YES;
				CLANG_WARN_BOOL_CONVERSION = YES;
				CLANG_WARN_COMMA = YES;
				CLANG_WARN_CONSTANT_CONVERSION = YES;
				CLANG_WARN_DEPRECATED_OBJC_IMPLEMENTATIONS = YES;
				CLANG_WARN_DIRECT_OBJC_ISA_USAGE = YES_ERROR;
				CLANG_WARN_DOCUMENTATION_COMMENTS = YES;
				CLANG_WARN_EMPTY_BODY = YES;
				CLANG_WARN_ENUM_CONVERSION = YES;
				CLANG_WARN_INFINITE_RECURSION = YES;
				CLANG_WARN_INT_CONVERSION = YES;
				CLANG_WARN_NON_LITERAL_NULL_CONVERSION = YES;
				CLANG_WARN_OBJC_IMPLICIT_RETAIN_SELF = YES;
				CLANG_WARN_OBJC_LITERAL_CONVERSION = YES;
				CLANG_WARN_OBJC_ROOT_CLASS = YES_ERROR;
				CLANG_WARN_RANGE_LOOP_ANALYSIS = YES;
				CLANG_WARN_STRICT_PROTOTYPES = YES;
				CLANG_WARN_SUSPICIOUS_MOVE = YES;
				CLANG_WARN_UNGUARDED_AVAILABILITY = YES_AGGRESSIVE;
				CLANG_WARN_UNREACHABLE_CODE = YES;
				CLANG_WARN__DUPLICATE_METHOD_MATCH = YES;
				CODE_SIGN_IDENTITY = "iPhone Developer";
				COPY_PHASE_STRIP = NO;
				DEBUG_INFORMATION_FORMAT = dwarf;
				ENABLE_STRICT_OBJC_MSGSEND = YES;
				ENABLE_TESTABILITY = YES;
				GCC_C_LANGUAGE_STANDARD = gnu11;
				GCC_DYNAMIC_NO_PIC = NO;
				GCC_NO_COMMON_BLOCKS = YES;
				GCC_OPTIMIZATION_LEVEL = 0;
				GCC_PREPROCESSOR_DEFINITIONS = (
					"DEBUG=1",
					"$(inherited)",
				);
				GCC_WARN_64_TO_32_BIT_CONVERSION = YES;
				GCC_WARN_ABOUT_RETURN_TYPE = YES_ERROR;
				GCC_WARN_UNDECLARED_SELECTOR = YES;
				GCC_WARN_UNINITIALIZED_AUTOS = YES_AGGRESSIVE;
				GCC_WARN_UNUSED_FUNCTION = YES;
				GCC_WARN_UNUSED_VARIABLE = YES;
				IPHONEOS_DEPLOYMENT_TARGET = 12.2;
				MTL_ENABLE_DEBUG_INFO = INCLUDE_SOURCE;
				MTL_FAST_MATH = YES;
				ONLY_ACTIVE_ARCH = YES;
				SDKROOT = iphoneos;
				SWIFT_ACTIVE_COMPILATION_CONDITIONS = DEBUG;
				SWIFT_OPTIMIZATION_LEVEL = "-Onone";
			};
			name = Debug;
		};
		CCE1AE94227AE4DF007DB341 /* Release */ = {
			isa = XCBuildConfiguration;
			buildSettings = {
				ALWAYS_SEARCH_USER_PATHS = NO;
				CLANG_ANALYZER_NONNULL = YES;
				CLANG_ANALYZER_NUMBER_OBJECT_CONVERSION = YES_AGGRESSIVE;
				CLANG_CXX_LANGUAGE_STANDARD = "gnu++14";
				CLANG_CXX_LIBRARY = "libc++";
				CLANG_ENABLE_MODULES = YES;
				CLANG_ENABLE_OBJC_ARC = YES;
				CLANG_ENABLE_OBJC_WEAK = YES;
				CLANG_WARN_BLOCK_CAPTURE_AUTORELEASING = YES;
				CLANG_WARN_BOOL_CONVERSION = YES;
				CLANG_WARN_COMMA = YES;
				CLANG_WARN_CONSTANT_CONVERSION = YES;
				CLANG_WARN_DEPRECATED_OBJC_IMPLEMENTATIONS = YES;
				CLANG_WARN_DIRECT_OBJC_ISA_USAGE = YES_ERROR;
				CLANG_WARN_DOCUMENTATION_COMMENTS = YES;
				CLANG_WARN_EMPTY_BODY = YES;
				CLANG_WARN_ENUM_CONVERSION = YES;
				CLANG_WARN_INFINITE_RECURSION = YES;
				CLANG_WARN_INT_CONVERSION = YES;
				CLANG_WARN_NON_LITERAL_NULL_CONVERSION = YES;
				CLANG_WARN_OBJC_IMPLICIT_RETAIN_SELF = YES;
				CLANG_WARN_OBJC_LITERAL_CONVERSION = YES;
				CLANG_WARN_OBJC_ROOT_CLASS = YES_ERROR;
				CLANG_WARN_RANGE_LOOP_ANALYSIS = YES;
				CLANG_WARN_STRICT_PROTOTYPES = YES;
				CLANG_WARN_SUSPICIOUS_MOVE = YES;
				CLANG_WARN_UNGUARDED_AVAILABILITY = YES_AGGRESSIVE;
				CLANG_WARN_UNREACHABLE_CODE = YES;
				CLANG_WARN__DUPLICATE_METHOD_MATCH = YES;
				CODE_SIGN_IDENTITY = "iPhone Developer";
				COPY_PHASE_STRIP = NO;
				DEBUG_INFORMATION_FORMAT = "dwarf-with-dsym";
				ENABLE_NS_ASSERTIONS = NO;
				ENABLE_STRICT_OBJC_MSGSEND = YES;
				GCC_C_LANGUAGE_STANDARD = gnu11;
				GCC_NO_COMMON_BLOCKS = YES;
				GCC_WARN_64_TO_32_BIT_CONVERSION = YES;
				GCC_WARN_ABOUT_RETURN_TYPE = YES_ERROR;
				GCC_WARN_UNDECLARED_SELECTOR = YES;
				GCC_WARN_UNINITIALIZED_AUTOS = YES_AGGRESSIVE;
				GCC_WARN_UNUSED_FUNCTION = YES;
				GCC_WARN_UNUSED_VARIABLE = YES;
				IPHONEOS_DEPLOYMENT_TARGET = 12.2;
				MTL_ENABLE_DEBUG_INFO = NO;
				MTL_FAST_MATH = YES;
				SDKROOT = iphoneos;
				SWIFT_COMPILATION_MODE = wholemodule;
				SWIFT_OPTIMIZATION_LEVEL = "-O";
				VALIDATE_PRODUCT = YES;
			};
			name = Release;
		};
		CCE1AE96227AE4DF007DB341 /* Debug */ = {
			isa = XCBuildConfiguration;
			buildSettings = {
				ASSETCATALOG_COMPILER_APPICON_NAME = AppIcon;
				CODE_SIGN_STYLE = Automatic;
				INFOPLIST_FILE = NLPTextSearch/Info.plist;
				IPHONEOS_DEPLOYMENT_TARGET = 13.0;
				LD_RUNPATH_SEARCH_PATHS = (
					"$(inherited)",
					"@executable_path/Frameworks",
				);
				PRODUCT_BUNDLE_IDENTIFIER = mdc.NLPTextSearch;
				PRODUCT_NAME = "$(TARGET_NAME)";
				SWIFT_VERSION = 5.0;
				TARGETED_DEVICE_FAMILY = "1,2";
			};
			name = Debug;
		};
		CCE1AE97227AE4DF007DB341 /* Release */ = {
			isa = XCBuildConfiguration;
			buildSettings = {
				ASSETCATALOG_COMPILER_APPICON_NAME = AppIcon;
				CODE_SIGN_STYLE = Automatic;
				INFOPLIST_FILE = NLPTextSearch/Info.plist;
				IPHONEOS_DEPLOYMENT_TARGET = 13.0;
				LD_RUNPATH_SEARCH_PATHS = (
					"$(inherited)",
					"@executable_path/Frameworks",
				);
				PRODUCT_BUNDLE_IDENTIFIER = mdc.NLPTextSearch;
				PRODUCT_NAME = "$(TARGET_NAME)";
				SWIFT_VERSION = 5.0;
				TARGETED_DEVICE_FAMILY = "1,2";
			};
			name = Release;
		};
		CCE1AE99227AE4DF007DB341 /* Debug */ = {
			isa = XCBuildConfiguration;
			buildSettings = {
				ALWAYS_EMBED_SWIFT_STANDARD_LIBRARIES = YES;
				BUNDLE_LOADER = "$(TEST_HOST)";
				CODE_SIGN_STYLE = Automatic;
				INFOPLIST_FILE = NLPTextSearchTests/Info.plist;
				LD_RUNPATH_SEARCH_PATHS = (
					"$(inherited)",
					"@executable_path/Frameworks",
					"@loader_path/Frameworks",
				);
				PRODUCT_BUNDLE_IDENTIFIER = mdc.NLPTextSearchTests;
				PRODUCT_NAME = "$(TARGET_NAME)";
				SWIFT_VERSION = 5.0;
				TARGETED_DEVICE_FAMILY = "1,2";
				TEST_HOST = "$(BUILT_PRODUCTS_DIR)/NLPTextSearch.app/NLPTextSearch";
			};
			name = Debug;
		};
		CCE1AE9A227AE4DF007DB341 /* Release */ = {
			isa = XCBuildConfiguration;
			buildSettings = {
				ALWAYS_EMBED_SWIFT_STANDARD_LIBRARIES = YES;
				BUNDLE_LOADER = "$(TEST_HOST)";
				CODE_SIGN_STYLE = Automatic;
				INFOPLIST_FILE = NLPTextSearchTests/Info.plist;
				LD_RUNPATH_SEARCH_PATHS = (
					"$(inherited)",
					"@executable_path/Frameworks",
					"@loader_path/Frameworks",
				);
				PRODUCT_BUNDLE_IDENTIFIER = mdc.NLPTextSearchTests;
				PRODUCT_NAME = "$(TARGET_NAME)";
				SWIFT_VERSION = 5.0;
				TARGETED_DEVICE_FAMILY = "1,2";
				TEST_HOST = "$(BUILT_PRODUCTS_DIR)/NLPTextSearch.app/NLPTextSearch";
			};
			name = Release;
		};
		CCE1AE9C227AE4DF007DB341 /* Debug */ = {
			isa = XCBuildConfiguration;
			buildSettings = {
				ALWAYS_EMBED_SWIFT_STANDARD_LIBRARIES = YES;
				CODE_SIGN_STYLE = Automatic;
				INFOPLIST_FILE = NLPTextSearchUITests/Info.plist;
				LD_RUNPATH_SEARCH_PATHS = (
					"$(inherited)",
					"@executable_path/Frameworks",
					"@loader_path/Frameworks",
				);
				PRODUCT_BUNDLE_IDENTIFIER = mdc.NLPTextSearchUITests;
				PRODUCT_NAME = "$(TARGET_NAME)";
				SWIFT_VERSION = 5.0;
				TARGETED_DEVICE_FAMILY = "1,2";
				TEST_TARGET_NAME = NLPTextSearch;
			};
			name = Debug;
		};
		CCE1AE9D227AE4DF007DB341 /* Release */ = {
			isa = XCBuildConfiguration;
			buildSettings = {
				ALWAYS_EMBED_SWIFT_STANDARD_LIBRARIES = YES;
				CODE_SIGN_STYLE = Automatic;
				INFOPLIST_FILE = NLPTextSearchUITests/Info.plist;
				LD_RUNPATH_SEARCH_PATHS = (
					"$(inherited)",
					"@executable_path/Frameworks",
					"@loader_path/Frameworks",
				);
				PRODUCT_BUNDLE_IDENTIFIER = mdc.NLPTextSearchUITests;
				PRODUCT_NAME = "$(TARGET_NAME)";
				SWIFT_VERSION = 5.0;
				TARGETED_DEVICE_FAMILY = "1,2";
				TEST_TARGET_NAME = NLPTextSearch;
			};
			name = Release;
		};
/* End XCBuildConfiguration section */

/* Begin XCConfigurationList section */
		CCE1AE65227AE4DA007DB341 /* Build configuration list for PBXProject "NLPTextSearch" */ = {
			isa = XCConfigurationList;
			buildConfigurations = (
				CCE1AE93227AE4DF007DB341 /* Debug */,
				CCE1AE94227AE4DF007DB341 /* Release */,
			);
			defaultConfigurationIsVisible = 0;
			defaultConfigurationName = Release;
		};
		CCE1AE95227AE4DF007DB341 /* Build configuration list for PBXNativeTarget "NLPTextSearch" */ = {
			isa = XCConfigurationList;
			buildConfigurations = (
				CCE1AE96227AE4DF007DB341 /* Debug */,
				CCE1AE97227AE4DF007DB341 /* Release */,
			);
			defaultConfigurationIsVisible = 0;
			defaultConfigurationName = Release;
		};
		CCE1AE98227AE4DF007DB341 /* Build configuration list for PBXNativeTarget "NLPTextSearchTests" */ = {
			isa = XCConfigurationList;
			buildConfigurations = (
				CCE1AE99227AE4DF007DB341 /* Debug */,
				CCE1AE9A227AE4DF007DB341 /* Release */,
			);
			defaultConfigurationIsVisible = 0;
			defaultConfigurationName = Release;
		};
		CCE1AE9B227AE4DF007DB341 /* Build configuration list for PBXNativeTarget "NLPTextSearchUITests" */ = {
			isa = XCConfigurationList;
			buildConfigurations = (
				CCE1AE9C227AE4DF007DB341 /* Debug */,
				CCE1AE9D227AE4DF007DB341 /* Release */,
			);
			defaultConfigurationIsVisible = 0;
			defaultConfigurationName = Release;
		};
/* End XCConfigurationList section */

/* Begin XCVersionGroup section */
		CCE1AE74227AE4DB007DB341 /* NLPTextSearch.xcdatamodeld */ = {
			isa = XCVersionGroup;
			children = (
				CCE1AE75227AE4DB007DB341 /* NLPTextSearch.xcdatamodel */,
			);
			currentVersion = CCE1AE75227AE4DB007DB341 /* NLPTextSearch.xcdatamodel */;
			path = NLPTextSearch.xcdatamodeld;
			sourceTree = "<group>";
			versionGroupType = wrapper.xcdatamodel;
		};
/* End XCVersionGroup section */
	};
	rootObject = CCE1AE62227AE4DA007DB341 /* Project object */;
}
